
Microsoft Visual Studio Solution File, Format Version 12.00
# Visual Studio 2013
VisualStudioVersion = 12.0.31101.0
MinimumVisualStudioVersion = 10.0.40219.1
Project("{9092AA53-FB77-4645-B42D-1CCCA6BD08BD}") = "Available Shows", "Available Shows.njsproj", "{C904D8BB-01EC-4801-8FDF-09ECA7A5275B}"
EndProject
Global
	GlobalSection(SolutionConfigurationPlatforms) = preSolution
		Debug|Any CPU = Debug|Any CPU
		Release|Any CPU = Release|Any CPU
	EndGlobalSection
	GlobalSection(ProjectConfigurationPlatforms) = postSolution
		{C904D8BB-01EC-4801-8FDF-09ECA7A5275B}.Debug|Any CPU.ActiveCfg = Debug|Any CPU
		{C904D8BB-01EC-4801-8FDF-09ECA7A5275B}.Debug|Any CPU.Build.0 = Debug|Any CPU
		{C904D8BB-01EC-4801-8FDF-09ECA7A5275B}.Release|Any CPU.ActiveCfg = Release|Any CPU
		{C904D8BB-01EC-4801-8FDF-09ECA7A5275B}.Release|Any CPU.Build.0 = Release|Any CPU
	EndGlobalSection
	GlobalSection(SolutionProperties) = preSolution
		HideSolutionNode = FALSE
	EndGlobalSection
EndGlobal
